// !$*UTF8*$!
{
	archiveVersion = 1;
	classes = {
	};
	objectVersion = 56;
	objects = {

/* Begin PBXBuildFile section */
		32A935972BE8CD3800DAD4A9 /* AppDelegate.swift in Sources */ = {isa = PBXBuildFile; fileRef = 32A935962BE8CD3800DAD4A9 /* AppDelegate.swift */; };
		32A935992BE8CD3800DAD4A9 /* SceneDelegate.swift in Sources */ = {isa = PBXBuildFile; fileRef = 32A935982BE8CD3800DAD4A9 /* SceneDelegate.swift */; };
		32A9359B2BE8CD3800DAD4A9 /* ViewController.swift in Sources */ = {isa = PBXBuildFile; fileRef = 32A9359A2BE8CD3800DAD4A9 /* ViewController.swift */; };
		32A9359E2BE8CD3800DAD4A9 /* Main.storyboard in Resources */ = {isa = PBXBuildFile; fileRef = 32A9359C2BE8CD3800DAD4A9 /* Main.storyboard */; };
		32A935A02BE8CD6700DAD4A9 /* Assets.xcassets in Resources */ = {isa = PBXBuildFile; fileRef = 32A9359F2BE8CD6700DAD4A9 /* Assets.xcassets */; };
		32A935A32BE8CD6700DAD4A9 /* LaunchScreen.storyboard in Resources */ = {isa = PBXBuildFile; fileRef = 32A935A12BE8CD6700DAD4A9 /* LaunchScreen.storyboard */; };
		32A935AE2BE8CD6800DAD4A9 /* Hollywood_Tic_Tac_ToeTests.swift in Sources */ = {isa = PBXBuildFile; fileRef = 32A935AD2BE8CD6800DAD4A9 /* Hollywood_Tic_Tac_ToeTests.swift */; };
		32A935B82BE8CD6800DAD4A9 /* Hollywood_Tic_Tac_ToeUITests.swift in Sources */ = {isa = PBXBuildFile; fileRef = 32A935B72BE8CD6800DAD4A9 /* Hollywood_Tic_Tac_ToeUITests.swift */; };
		32A935BA2BE8CD6800DAD4A9 /* Hollywood_Tic_Tac_ToeUITestsLaunchTests.swift in Sources */ = {isa = PBXBuildFile; fileRef = 32A935B92BE8CD6800DAD4A9 /* Hollywood_Tic_Tac_ToeUITestsLaunchTests.swift */; };
/* End PBXBuildFile section */

/* Begin PBXContainerItemProxy section */
		32A935AA2BE8CD6800DAD4A9 /* PBXContainerItemProxy */ = {
			isa = PBXContainerItemProxy;
			containerPortal = 32A9358B2BE8CD3700DAD4A9 /* Project object */;
			proxyType = 1;
			remoteGlobalIDString = 32A935922BE8CD3800DAD4A9;
			remoteInfo = "Hollywood Tic Tac Toe";
		};
		32A935B42BE8CD6800DAD4A9 /* PBXContainerItemProxy */ = {
			isa = PBXContainerItemProxy;
			containerPortal = 32A9358B2BE8CD3700DAD4A9 /* Project object */;
			proxyType = 1;
			remoteGlobalIDString = 32A935922BE8CD3800DAD4A9;
			remoteInfo = "Hollywood Tic Tac Toe";
		};
/* End PBXContainerItemProxy section */

/* Begin PBXFileReference section */
		32A935932BE8CD3800DAD4A9 /* Hollywood Tic Tac Toe.app */ = {isa = PBXFileReference; explicitFileType = wrapper.application; includeInIndex = 0; path = "Hollywood Tic Tac Toe.app"; sourceTree = BUILT_PRODUCTS_DIR; };
		32A935962BE8CD3800DAD4A9 /* AppDelegate.swift */ = {isa = PBXFileReference; lastKnownFileType = sourcecode.swift; path = AppDelegate.swift; sourceTree = "<group>"; };
		32A935982BE8CD3800DAD4A9 /* SceneDelegate.swift */ = {isa = PBXFileReference; lastKnownFileType = sourcecode.swift; path = SceneDelegate.swift; sourceTree = "<group>"; };
		32A9359A2BE8CD3800DAD4A9 /* ViewController.swift */ = {isa = PBXFileReference; lastKnownFileType = sourcecode.swift; path = ViewController.swift; sourceTree = "<group>"; };
		32A9359D2BE8CD3800DAD4A9 /* Base */ = {isa = PBXFileReference; lastKnownFileType = file.storyboard; name = Base; path = Base.lproj/Main.storyboard; sourceTree = "<group>"; };
		32A9359F2BE8CD6700DAD4A9 /* Assets.xcassets */ = {isa = PBXFileReference; lastKnownFileType = folder.assetcatalog; path = Assets.xcassets; sourceTree = "<group>"; };
		32A935A22BE8CD6700DAD4A9 /* Base */ = {isa = PBXFileReference; lastKnownFileType = file.storyboard; name = Base; path = Base.lproj/LaunchScreen.storyboard; sourceTree = "<group>"; };
		32A935A42BE8CD6700DAD4A9 /* Info.plist */ = {isa = PBXFileReference; lastKnownFileType = text.plist.xml; path = Info.plist; sourceTree = "<group>"; };
		32A935A92BE8CD6800DAD4A9 /* Hollywood Tic Tac ToeTests.xctest */ = {isa = PBXFileReference; explicitFileType = wrapper.cfbundle; includeInIndex = 0; path = "Hollywood Tic Tac ToeTests.xctest"; sourceTree = BUILT_PRODUCTS_DIR; };
		32A935AD2BE8CD6800DAD4A9 /* Hollywood_Tic_Tac_ToeTests.swift */ = {isa = PBXFileReference; lastKnownFileType = sourcecode.swift; path = Hollywood_Tic_Tac_ToeTests.swift; sourceTree = "<group>"; };
		32A935B32BE8CD6800DAD4A9 /* Hollywood Tic Tac ToeUITests.xctest */ = {isa = PBXFileReference; explicitFileType = wrapper.cfbundle; includeInIndex = 0; path = "Hollywood Tic Tac ToeUITests.xctest"; sourceTree = BUILT_PRODUCTS_DIR; };
		32A935B72BE8CD6800DAD4A9 /* Hollywood_Tic_Tac_ToeUITests.swift */ = {isa = PBXFileReference; lastKnownFileType = sourcecode.swift; path = Hollywood_Tic_Tac_ToeUITests.swift; sourceTree = "<group>"; };
		32A935B92BE8CD6800DAD4A9 /* Hollywood_Tic_Tac_ToeUITestsLaunchTests.swift */ = {isa = PBXFileReference; lastKnownFileType = sourcecode.swift; path = Hollywood_Tic_Tac_ToeUITestsLaunchTests.swift; sourceTree = "<group>"; };
/* End PBXFileReference section */

/* Begin PBXFrameworksBuildPhase section */
		32A935902BE8CD3800DAD4A9 /* Frameworks */ = {
			isa = PBXFrameworksBuildPhase;
			buildActionMask = 2147483647;
			files = (
			);
			runOnlyForDeploymentPostprocessing = 0;
		};
		32A935A62BE8CD6800DAD4A9 /* Frameworks */ = {
			isa = PBXFrameworksBuildPhase;
			buildActionMask = 2147483647;
			files = (
			);
			runOnlyForDeploymentPostprocessing = 0;
		};
		32A935B02BE8CD6800DAD4A9 /* Frameworks */ = {
			isa = PBXFrameworksBuildPhase;
			buildActionMask = 2147483647;
			files = (
			);
			runOnlyForDeploymentPostprocessing = 0;
		};
/* End PBXFrameworksBuildPhase section */

/* Begin PBXGroup section */
		32A9358A2BE8CD3700DAD4A9 = {
			isa = PBXGroup;
			children = (
				32A935952BE8CD3800DAD4A9 /* Hollywood Tic Tac Toe */,
				32A935AC2BE8CD6800DAD4A9 /* Hollywood Tic Tac ToeTests */,
				32A935B62BE8CD6800DAD4A9 /* Hollywood Tic Tac ToeUITests */,
				32A935942BE8CD3800DAD4A9 /* Products */,
			);
			sourceTree = "<group>";
		};
		32A935942BE8CD3800DAD4A9 /* Products */ = {
			isa = PBXGroup;
			children = (
				32A935932BE8CD3800DAD4A9 /* Hollywood Tic Tac Toe.app */,
				32A935A92BE8CD6800DAD4A9 /* Hollywood Tic Tac ToeTests.xctest */,
				32A935B32BE8CD6800DAD4A9 /* Hollywood Tic Tac ToeUITests.xctest */,
			);
			name = Products;
			sourceTree = "<group>";
		};
		32A935952BE8CD3800DAD4A9 /* Hollywood Tic Tac Toe */ = {
			isa = PBXGroup;
			children = (
				32A935962BE8CD3800DAD4A9 /* AppDelegate.swift */,
				32A935982BE8CD3800DAD4A9 /* SceneDelegate.swift */,
				32A9359A2BE8CD3800DAD4A9 /* ViewController.swift */,
				32A9359C2BE8CD3800DAD4A9 /* Main.storyboard */,
				32A9359F2BE8CD6700DAD4A9 /* Assets.xcassets */,
				32A935A12BE8CD6700DAD4A9 /* LaunchScreen.storyboard */,
				32A935A42BE8CD6700DAD4A9 /* Info.plist */,
			);
			path = "Hollywood Tic Tac Toe";
			sourceTree = "<group>";
		};
		32A935AC2BE8CD6800DAD4A9 /* Hollywood Tic Tac ToeTests */ = {
			isa = PBXGroup;
			children = (
				32A935AD2BE8CD6800DAD4A9 /* Hollywood_Tic_Tac_ToeTests.swift */,
			);
			path = "Hollywood Tic Tac ToeTests";
			sourceTree = "<group>";
		};
		32A935B62BE8CD6800DAD4A9 /* Hollywood Tic Tac ToeUITests */ = {
			isa = PBXGroup;
			children = (
				32A935B72BE8CD6800DAD4A9 /* Hollywood_Tic_Tac_ToeUITests.swift */,
				32A935B92BE8CD6800DAD4A9 /* Hollywood_Tic_Tac_ToeUITestsLaunchTests.swift */,
			);
			path = "Hollywood Tic Tac ToeUITests";
			sourceTree = "<group>";
		};
/* End PBXGroup section */

/* Begin PBXNativeTarget section */
		32A935922BE8CD3800DAD4A9 /* Hollywood Tic Tac Toe */ = {
			isa = PBXNativeTarget;
			buildConfigurationList = 32A935BD2BE8CD6800DAD4A9 /* Build configuration list for PBXNativeTarget "Hollywood Tic Tac Toe" */;
			buildPhases = (
				32A9358F2BE8CD3800DAD4A9 /* Sources */,
				32A935902BE8CD3800DAD4A9 /* Frameworks */,
				32A935912BE8CD3800DAD4A9 /* Resources */,
			);
			buildRules = (
			);
			dependencies = (
			);
			name = "Hollywood Tic Tac Toe";
			productName = "Hollywood Tic Tac Toe";
			productReference = 32A935932BE8CD3800DAD4A9 /* Hollywood Tic Tac Toe.app */;
			productType = "com.apple.product-type.application";
		};
		32A935A82BE8CD6800DAD4A9 /* Hollywood Tic Tac ToeTests */ = {
			isa = PBXNativeTarget;
			buildConfigurationList = 32A935C02BE8CD6800DAD4A9 /* Build configuration list for PBXNativeTarget "Hollywood Tic Tac ToeTests" */;
			buildPhases = (
				32A935A52BE8CD6800DAD4A9 /* Sources */,
				32A935A62BE8CD6800DAD4A9 /* Frameworks */,
				32A935A72BE8CD6800DAD4A9 /* Resources */,
			);
			buildRules = (
			);
			dependencies = (
				32A935AB2BE8CD6800DAD4A9 /* PBXTargetDependency */,
			);
			name = "Hollywood Tic Tac ToeTests";
			productName = "Hollywood Tic Tac ToeTests";
			productReference = 32A935A92BE8CD6800DAD4A9 /* Hollywood Tic Tac ToeTests.xctest */;
			productType = "com.apple.product-type.bundle.unit-test";
		};
		32A935B22BE8CD6800DAD4A9 /* Hollywood Tic Tac ToeUITests */ = {
			isa = PBXNativeTarget;
			buildConfigurationList = 32A935C32BE8CD6800DAD4A9 /* Build configuration list for PBXNativeTarget "Hollywood Tic Tac ToeUITests" */;
			buildPhases = (
				32A935AF2BE8CD6800DAD4A9 /* Sources */,
				32A935B02BE8CD6800DAD4A9 /* Frameworks */,
				32A935B12BE8CD6800DAD4A9 /* Resources */,
			);
			buildRules = (
			);
			dependencies = (
				32A935B52BE8CD6800DAD4A9 /* PBXTargetDependency */,
			);
			name = "Hollywood Tic Tac ToeUITests";
			productName = "Hollywood Tic Tac ToeUITests";
			productReference = 32A935B32BE8CD6800DAD4A9 /* Hollywood Tic Tac ToeUITests.xctest */;
			productType = "com.apple.product-type.bundle.ui-testing";
		};
/* End PBXNativeTarget section */

/* Begin PBXProject section */
		32A9358B2BE8CD3700DAD4A9 /* Project object */ = {
			isa = PBXProject;
			attributes = {
				BuildIndependentTargetsInParallel = 1;
				LastSwiftUpdateCheck = 1400;
				LastUpgradeCheck = 1400;
				TargetAttributes = {
					32A935922BE8CD3800DAD4A9 = {
						CreatedOnToolsVersion = 14.0;
					};
					32A935A82BE8CD6800DAD4A9 = {
						CreatedOnToolsVersion = 14.0;
						TestTargetID = 32A935922BE8CD3800DAD4A9;
					};
					32A935B22BE8CD6800DAD4A9 = {
						CreatedOnToolsVersion = 14.0;
						TestTargetID = 32A935922BE8CD3800DAD4A9;
					};
				};
			};
			buildConfigurationList = 32A9358E2BE8CD3700DAD4A9 /* Build configuration list for PBXProject "Hollywood Tic Tac Toe" */;
			compatibilityVersion = "Xcode 14.0";
			developmentRegion = en;
			hasScannedForEncodings = 0;
			knownRegions = (
				en,
				Base,
			);
			mainGroup = 32A9358A2BE8CD3700DAD4A9;
			productRefGroup = 32A935942BE8CD3800DAD4A9 /* Products */;
			projectDirPath = "";
			projectRoot = "";
			targets = (
				32A935922BE8CD3800DAD4A9 /* Hollywood Tic Tac Toe */,
				32A935A82BE8CD6800DAD4A9 /* Hollywood Tic Tac ToeTests */,
				32A935B22BE8CD6800DAD4A9 /* Hollywood Tic Tac ToeUITests */,
			);
		};
/* End PBXProject section */

/* Begin PBXResourcesBuildPhase section */
		32A935912BE8CD3800DAD4A9 /* Resources */ = {
			isa = PBXResourcesBuildPhase;
			buildActionMask = 2147483647;
			files = (
				32A935A32BE8CD6700DAD4A9 /* LaunchScreen.storyboard in Resources */,
				32A935A02BE8CD6700DAD4A9 /* Assets.xcassets in Resources */,
				32A9359E2BE8CD3800DAD4A9 /* Main.storyboard in Resources */,
			);
			runOnlyForDeploymentPostprocessing = 0;
		};
		32A935A72BE8CD6800DAD4A9 /* Resources */ = {
			isa = PBXResourcesBuildPhase;
			buildActionMask = 2147483647;
			files = (
			);
			runOnlyForDeploymentPostprocessing = 0;
		};
		32A935B12BE8CD6800DAD4A9 /* Resources */ = {
			isa = PBXResourcesBuildPhase;
			buildActionMask = 2147483647;
			files = (
			);
			runOnlyForDeploymentPostprocessing = 0;
		};
/* End PBXResourcesBuildPhase section */

/* Begin PBXSourcesBuildPhase section */
		32A9358F2BE8CD3800DAD4A9 /* Sources */ = {
			isa = PBXSourcesBuildPhase;
			buildActionMask = 2147483647;
			files = (
				32A9359B2BE8CD3800DAD4A9 /* ViewController.swift in Sources */,
				32A935972BE8CD3800DAD4A9 /* AppDelegate.swift in Sources */,
				32A935992BE8CD3800DAD4A9 /* SceneDelegate.swift in Sources */,
			);
			runOnlyForDeploymentPostprocessing = 0;
		};
		32A935A52BE8CD6800DAD4A9 /* Sources */ = {
			isa = PBXSourcesBuildPhase;
			buildActionMask = 2147483647;
			files = (
				32A935AE2BE8CD6800DAD4A9 /* Hollywood_Tic_Tac_ToeTests.swift in Sources */,
			);
			runOnlyForDeploymentPostprocessing = 0;
		};
		32A935AF2BE8CD6800DAD4A9 /* Sources */ = {
			isa = PBXSourcesBuildPhase;
			buildActionMask = 2147483647;
			files = (
				32A935B82BE8CD6800DAD4A9 /* Hollywood_Tic_Tac_ToeUITests.swift in Sources */,
				32A935BA2BE8CD6800DAD4A9 /* Hollywood_Tic_Tac_ToeUITestsLaunchTests.swift in Sources */,
			);
			runOnlyForDeploymentPostprocessing = 0;
		};
/* End PBXSourcesBuildPhase section */

/* Begin PBXTargetDependency section */
		32A935AB2BE8CD6800DAD4A9 /* PBXTargetDependency */ = {
			isa = PBXTargetDependency;
			target = 32A935922BE8CD3800DAD4A9 /* Hollywood Tic Tac Toe */;
			targetProxy = 32A935AA2BE8CD6800DAD4A9 /* PBXContainerItemProxy */;
		};
		32A935B52BE8CD6800DAD4A9 /* PBXTargetDependency */ = {
			isa = PBXTargetDependency;
			target = 32A935922BE8CD3800DAD4A9 /* Hollywood Tic Tac Toe */;
			targetProxy = 32A935B42BE8CD6800DAD4A9 /* PBXContainerItemProxy */;
		};
/* End PBXTargetDependency section */

/* Begin PBXVariantGroup section */
		32A9359C2BE8CD3800DAD4A9 /* Main.storyboard */ = {
			isa = PBXVariantGroup;
			children = (
				32A9359D2BE8CD3800DAD4A9 /* Base */,
			);
			name = Main.storyboard;
			sourceTree = "<group>";
		};
		32A935A12BE8CD6700DAD4A9 /* LaunchScreen.storyboard */ = {
			isa = PBXVariantGroup;
			children = (
				32A935A22BE8CD6700DAD4A9 /* Base */,
			);
			name = LaunchScreen.storyboard;
			sourceTree = "<group>";
		};
/* End PBXVariantGroup section */

/* Begin XCBuildConfiguration section */
		32A935BB2BE8CD6800DAD4A9 /* Debug */ = {
			isa = XCBuildConfiguration;
			buildSettings = {
				ALWAYS_SEARCH_USER_PATHS = NO;
				CLANG_ANALYZER_NONNULL = YES;
				CLANG_ANALYZER_NUMBER_OBJECT_CONVERSION = YES_AGGRESSIVE;
				CLANG_CXX_LANGUAGE_STANDARD = "gnu++20";
				CLANG_ENABLE_MODULES = YES;
				CLANG_ENABLE_OBJC_ARC = YES;
				CLANG_ENABLE_OBJC_WEAK = YES;
				CLANG_WARN_BLOCK_CAPTURE_AUTORELEASING = YES;
				CLANG_WARN_BOOL_CONVERSION = YES;
				CLANG_WARN_COMMA = YES;
				CLANG_WARN_CONSTANT_CONVERSION = YES;
				CLANG_WARN_DEPRECATED_OBJC_IMPLEMENTATIONS = YES;
				CLANG_WARN_DIRECT_OBJC_ISA_USAGE = YES_ERROR;
				CLANG_WARN_DOCUMENTATION_COMMENTS = YES;
				CLANG_WARN_EMPTY_BODY = YES;
				CLANG_WARN_ENUM_CONVERSION = YES;
				CLANG_WARN_INFINITE_RECURSION = YES;
				CLANG_WARN_INT_CONVERSION = YES;
				CLANG_WARN_NON_LITERAL_NULL_CONVERSION = YES;
				CLANG_WARN_OBJC_IMPLICIT_RETAIN_SELF = YES;
				CLANG_WARN_OBJC_LITERAL_CONVERSION = YES;
				CLANG_WARN_OBJC_ROOT_CLASS = YES_ERROR;
				CLANG_WARN_QUOTED_INCLUDE_IN_FRAMEWORK_HEADER = YES;
				CLANG_WARN_RANGE_LOOP_ANALYSIS = YES;
				CLANG_WARN_STRICT_PROTOTYPES = YES;
				CLANG_WARN_SUSPICIOUS_MOVE = YES;
				CLANG_WARN_UNGUARDED_AVAILABILITY = YES_AGGRESSIVE;
				CLANG_WARN_UNREACHABLE_CODE = YES;
				CLANG_WARN__DUPLICATE_METHOD_MATCH = YES;
				COPY_PHASE_STRIP = NO;
				DEBUG_INFORMATION_FORMAT = dwarf;
				ENABLE_STRICT_OBJC_MSGSEND = YES;
				ENABLE_TESTABILITY = YES;
				GCC_C_LANGUAGE_STANDARD = gnu11;
				GCC_DYNAMIC_NO_PIC = NO;
				GCC_NO_COMMON_BLOCKS = YES;
				GCC_OPTIMIZATION_LEVEL = 0;
				GCC_PREPROCESSOR_DEFINITIONS = (
					"DEBUG=1",
					"$(inherited)",
				);
				GCC_WARN_64_TO_32_BIT_CONVERSION = YES;
				GCC_WARN_ABOUT_RETURN_TYPE = YES_ERROR;
				GCC_WARN_UNDECLARED_SELECTOR = YES;
				GCC_WARN_UNINITIALIZED_AUTOS = YES_AGGRESSIVE;
				GCC_WARN_UNUSED_FUNCTION = YES;
				GCC_WARN_UNUSED_VARIABLE = YES;
				IPHONEOS_DEPLOYMENT_TARGET = 16.0;
				MTL_ENABLE_DEBUG_INFO = INCLUDE_SOURCE;
				MTL_FAST_MATH = YES;
				ONLY_ACTIVE_ARCH = YES;
				SDKROOT = iphoneos;
				SWIFT_ACTIVE_COMPILATION_CONDITIONS = DEBUG;
				SWIFT_OPTIMIZATION_LEVEL = "-Onone";
			};
			name = Debug;
		};
		32A935BC2BE8CD6800DAD4A9 /* Release */ = {
			isa = XCBuildConfiguration;
			buildSettings = {
				ALWAYS_SEARCH_USER_PATHS = NO;
				CLANG_ANALYZER_NONNULL = YES;
				CLANG_ANALYZER_NUMBER_OBJECT_CONVERSION = YES_AGGRESSIVE;
				CLANG_CXX_LANGUAGE_STANDARD = "gnu++20";
				CLANG_ENABLE_MODULES = YES;
				CLANG_ENABLE_OBJC_ARC = YES;
				CLANG_ENABLE_OBJC_WEAK = YES;
				CLANG_WARN_BLOCK_CAPTURE_AUTORELEASING = YES;
				CLANG_WARN_BOOL_CONVERSION = YES;
				CLANG_WARN_COMMA = YES;
				CLANG_WARN_CONSTANT_CONVERSION = YES;
				CLANG_WARN_DEPRECATED_OBJC_IMPLEMENTATIONS = YES;
				CLANG_WARN_DIRECT_OBJC_ISA_USAGE = YES_ERROR;
				CLANG_WARN_DOCUMENTATION_COMMENTS = YES;
				CLANG_WARN_EMPTY_BODY = YES;
				CLANG_WARN_ENUM_CONVERSION = YES;
				CLANG_WARN_INFINITE_RECURSION = YES;
				CLANG_WARN_INT_CONVERSION = YES;
				CLANG_WARN_NON_LITERAL_NULL_CONVERSION = YES;
				CLANG_WARN_OBJC_IMPLICIT_RETAIN_SELF = YES;
				CLANG_WARN_OBJC_LITERAL_CONVERSION = YES;
				CLANG_WARN_OBJC_ROOT_CLASS = YES_ERROR;
				CLANG_WARN_QUOTED_INCLUDE_IN_FRAMEWORK_HEADER = YES;
				CLANG_WARN_RANGE_LOOP_ANALYSIS = YES;
				CLANG_WARN_STRICT_PROTOTYPES = YES;
				CLANG_WARN_SUSPICIOUS_MOVE = YES;
				CLANG_WARN_UNGUARDED_AVAILABILITY = YES_AGGRESSIVE;
				CLANG_WARN_UNREACHABLE_CODE = YES;
				CLANG_WARN__DUPLICATE_METHOD_MATCH = YES;
				COPY_PHASE_STRIP = NO;
				DEBUG_INFORMATION_FORMAT = "dwarf-with-dsym";
				ENABLE_NS_ASSERTIONS = NO;
				ENABLE_STRICT_OBJC_MSGSEND = YES;
				GCC_C_LANGUAGE_STANDARD = gnu11;
				GCC_NO_COMMON_BLOCKS = YES;
				GCC_WARN_64_TO_32_BIT_CONVERSION = YES;
				GCC_WARN_ABOUT_RETURN_TYPE = YES_ERROR;
				GCC_WARN_UNDECLARED_SELECTOR = YES;
				GCC_WARN_UNINITIALIZED_AUTOS = YES_AGGRESSIVE;
				GCC_WARN_UNUSED_FUNCTION = YES;
				GCC_WARN_UNUSED_VARIABLE = YES;
				IPHONEOS_DEPLOYMENT_TARGET = 16.0;
				MTL_ENABLE_DEBUG_INFO = NO;
				MTL_FAST_MATH = YES;
				SDKROOT = iphoneos;
				SWIFT_COMPILATION_MODE = wholemodule;
				SWIFT_OPTIMIZATION_LEVEL = "-O";
				VALIDATE_PRODUCT = YES;
			};
			name = Release;
		};
		32A935BE2BE8CD6800DAD4A9 /* Debug */ = {
			isa = XCBuildConfiguration;
			buildSettings = {
				ASSETCATALOG_COMPILER_APPICON_NAME = AppIcon;
				ASSETCATALOG_COMPILER_GLOBAL_ACCENT_COLOR_NAME = AccentColor;
				CODE_SIGN_STYLE = Automatic;
				CURRENT_PROJECT_VERSION = 1;
				GENERATE_INFOPLIST_FILE = YES;
				INFOPLIST_FILE = "Hollywood Tic Tac Toe/Info.plist";
				INFOPLIST_KEY_UIApplicationSupportsIndirectInputEvents = YES;
				INFOPLIST_KEY_UILaunchStoryboardName = LaunchScreen;
				INFOPLIST_KEY_UIMainStoryboardFile = Main;
				INFOPLIST_KEY_UISupportedInterfaceOrientations_iPad = "UIInterfaceOrientationPortrait UIInterfaceOrientationPortraitUpsideDown UIInterfaceOrientationLandscapeLeft UIInterfaceOrientationLandscapeRight";
				INFOPLIST_KEY_UISupportedInterfaceOrientations_iPhone = "UIInterfaceOrientationPortrait UIInterfaceOrientationLandscapeLeft UIInterfaceOrientationLandscapeRight";
				LD_RUNPATH_SEARCH_PATHS = (
					"$(inherited)",
					"@executable_path/Frameworks",
				);
				MARKETING_VERSION = 1.0;
				PRODUCT_BUNDLE_IDENTIFIER = "hollywood-ticgame.Hollywood-Tic-Tac-Toe";
				PRODUCT_NAME = "$(TARGET_NAME)";
				SWIFT_EMIT_LOC_STRINGS = YES;
				SWIFT_VERSION = 5.0;
				TARGETED_DEVICE_FAMILY = "1,2";
			};
			name = Debug;
		};
		32A935BF2BE8CD6800DAD4A9 /* Release */ = {
			isa = XCBuildConfiguration;
			buildSettings = {
				ASSETCATALOG_COMPILER_APPICON_NAME = AppIcon;
				ASSETCATALOG_COMPILER_GLOBAL_ACCENT_COLOR_NAME = AccentColor;
				CODE_SIGN_STYLE = Automatic;
				CURRENT_PROJECT_VERSION = 1;
				GENERATE_INFOPLIST_FILE = YES;
				INFOPLIST_FILE = "Hollywood Tic Tac Toe/Info.plist";
				INFOPLIST_KEY_UIApplicationSupportsIndirectInputEvents = YES;
				INFOPLIST_KEY_UILaunchStoryboardName = LaunchScreen;
				INFOPLIST_KEY_UIMainStoryboardFile = Main;
				INFOPLIST_KEY_UISupportedInterfaceOrientations_iPad = "UIInterfaceOrientationPortrait UIInterfaceOrientationPortraitUpsideDown UIInterfaceOrientationLandscapeLeft UIInterfaceOrientationLandscapeRight";
				INFOPLIST_KEY_UISupportedInterfaceOrientations_iPhone = "UIInterfaceOrientationPortrait UIInterfaceOrientationLandscapeLeft UIInterfaceOrientationLandscapeRight";
				LD_RUNPATH_SEARCH_PATHS = (
					"$(inherited)",
					"@executable_path/Frameworks",
				);
				MARKETING_VERSION = 1.0;
				PRODUCT_BUNDLE_IDENTIFIER = "hollywood-ticgame.Hollywood-Tic-Tac-Toe";
				PRODUCT_NAME = "$(TARGET_NAME)";
				SWIFT_EMIT_LOC_STRINGS = YES;
				SWIFT_VERSION = 5.0;
				TARGETED_DEVICE_FAMILY = "1,2";
			};
			name = Release;
		};
		32A935C12BE8CD6800DAD4A9 /* Debug */ = {
			isa = XCBuildConfiguration;
			buildSettings = {
				ALWAYS_EMBED_SWIFT_STANDARD_LIBRARIES = YES;
				BUNDLE_LOADER = "$(TEST_HOST)";
				CODE_SIGN_STYLE = Automatic;
				CURRENT_PROJECT_VERSION = 1;
				GENERATE_INFOPLIST_FILE = YES;
				IPHONEOS_DEPLOYMENT_TARGET = 16.0;
				MARKETING_VERSION = 1.0;
				PRODUCT_BUNDLE_IDENTIFIER = "hollywood-ticgame.Hollywood-Tic-Tac-ToeTests";
				PRODUCT_NAME = "$(TARGET_NAME)";
				SWIFT_EMIT_LOC_STRINGS = NO;
				SWIFT_VERSION = 5.0;
				TARGETED_DEVICE_FAMILY = "1,2";
				TEST_HOST = "$(BUILT_PRODUCTS_DIR)/Hollywood Tic Tac Toe.app/$(BUNDLE_EXECUTABLE_FOLDER_PATH)/Hollywood Tic Tac Toe";
			};
			name = Debug;
		};
		32A935C22BE8CD6800DAD4A9 /* Release */ = {
			isa = XCBuildConfiguration;
			buildSettings = {
				ALWAYS_EMBED_SWIFT_STANDARD_LIBRARIES = YES;
				BUNDLE_LOADER = "$(TEST_HOST)";
				CODE_SIGN_STYLE = Automatic;
				CURRENT_PROJECT_VERSION = 1;
				GENERATE_INFOPLIST_FILE = YES;
				IPHONEOS_DEPLOYMENT_TARGET = 16.0;
				MARKETING_VERSION = 1.0;
				PRODUCT_BUNDLE_IDENTIFIER = "hollywood-ticgame.Hollywood-Tic-Tac-ToeTests";
				PRODUCT_NAME = "$(TARGET_NAME)";
				SWIFT_EMIT_LOC_STRINGS = NO;
				SWIFT_VERSION = 5.0;
				TARGETED_DEVICE_FAMILY = "1,2";
				TEST_HOST = "$(BUILT_PRODUCTS_DIR)/Hollywood Tic Tac Toe.app/$(BUNDLE_EXECUTABLE_FOLDER_PATH)/Hollywood Tic Tac Toe";
			};
			name = Release;
		};
		32A935C42BE8CD6800DAD4A9 /* Debug */ = {
			isa = XCBuildConfiguration;
			buildSettings = {
				ALWAYS_EMBED_SWIFT_STANDARD_LIBRARIES = YES;
				CODE_SIGN_STYLE = Automatic;
				CURRENT_PROJECT_VERSION = 1;
				GENERATE_INFOPLIST_FILE = YES;
				MARKETING_VERSION = 1.0;
				PRODUCT_BUNDLE_IDENTIFIER = "hollywood-ticgame.Hollywood-Tic-Tac-ToeUITests";
				PRODUCT_NAME = "$(TARGET_NAME)";
				SWIFT_EMIT_LOC_STRINGS = NO;
				SWIFT_VERSION = 5.0;
				TARGETED_DEVICE_FAMILY = "1,2";
				TEST_TARGET_NAME = "Hollywood Tic Tac Toe";
			};
			name = Debug;
		};
		32A935C52BE8CD6800DAD4A9 /* Release */ = {
			isa = XCBuildConfiguration;
			buildSettings = {
				ALWAYS_EMBED_SWIFT_STANDARD_LIBRARIES = YES;
				CODE_SIGN_STYLE = Automatic;
				CURRENT_PROJECT_VERSION = 1;
				GENERATE_INFOPLIST_FILE = YES;
				MARKETING_VERSION = 1.0;
				PRODUCT_BUNDLE_IDENTIFIER = "hollywood-ticgame.Hollywood-Tic-Tac-ToeUITests";
				PRODUCT_NAME = "$(TARGET_NAME)";
				SWIFT_EMIT_LOC_STRINGS = NO;
				SWIFT_VERSION = 5.0;
				TARGETED_DEVICE_FAMILY = "1,2";
				TEST_TARGET_NAME = "Hollywood Tic Tac Toe";
			};
			name = Release;
		};
/* End XCBuildConfiguration section */

/* Begin XCConfigurationList section */
		32A9358E2BE8CD3700DAD4A9 /* Build configuration list for PBXProject "Hollywood Tic Tac Toe" */ = {
			isa = XCConfigurationList;
			buildConfigurations = (
				32A935BB2BE8CD6800DAD4A9 /* Debug */,
				32A935BC2BE8CD6800DAD4A9 /* Release */,
			);
			defaultConfigurationIsVisible = 0;
			defaultConfigurationName = Release;
		};
		32A935BD2BE8CD6800DAD4A9 /* Build configuration list for PBXNativeTarget "Hollywood Tic Tac Toe" */ = {
			isa = XCConfigurationList;
			buildConfigurations = (
				32A935BE2BE8CD6800DAD4A9 /* Debug */,
				32A935BF2BE8CD6800DAD4A9 /* Release */,
			);
			defaultConfigurationIsVisible = 0;
			defaultConfigurationName = Release;
		};
		32A935C02BE8CD6800DAD4A9 /* Build configuration list for PBXNativeTarget "Hollywood Tic Tac ToeTests" */ = {
			isa = XCConfigurationList;
			buildConfigurations = (
				32A935C12BE8CD6800DAD4A9 /* Debug */,
				32A935C22BE8CD6800DAD4A9 /* Release */,
			);
			defaultConfigurationIsVisible = 0;
			defaultConfigurationName = Release;
		};
		32A935C32BE8CD6800DAD4A9 /* Build configuration list for PBXNativeTarget "Hollywood Tic Tac ToeUITests" */ = {
			isa = XCConfigurationList;
			buildConfigurations = (
				32A935C42BE8CD6800DAD4A9 /* Debug */,
				32A935C52BE8CD6800DAD4A9 /* Release */,
			);
			defaultConfigurationIsVisible = 0;
			defaultConfigurationName = Release;
		};
/* End XCConfigurationList section */
	};
	rootObject = 32A9358B2BE8CD3700DAD4A9 /* Project object */;
}
