{
  "originHash" : "dedd1f7d86648b077a4875bf5ca42bccc2f5333598d5b76459539683f12b4029",
  "pins" : [
    {
      "identity" : "nvactivityindicatorview",
      "kind" : "remoteSourceControl",
      "location" : "https://github.com/ninjaprox/NVActivityIndicatorView",
      "state" : {
        "branch" : "master",
        "revision" : "e36ea122fa831ac587f82dbc3fb3af37a6de35fb"
      }
    }
  ],
  "version" : 3
}
